
Microsoft Visual Studio Solution File, Format Version 12.00
# Visual Studio Version 16
VisualStudioVersion = 16.0.29306.81
MinimumVisualStudioVersion = 10.0.40219.1
Project("{9A19103F-16F7-4668-BE54-9A1E7A4F7556}") = "emu8080", "emu8080\emu8080.csproj", "{474279BB-6406-480D-807C-EC40EDBDCBFD}"
EndProject
Global
	GlobalSection(SolutionConfigurationPlatforms) = preSolution
		Debug|Any CPU = Debug|Any CPU
		Release|Any CPU = Release|Any CPU
	EndGlobalSection
	GlobalSection(ProjectConfigurationPlatforms) = postSolution
		{474279BB-6406-480D-807C-EC40EDBDCBFD}.Debug|Any CPU.ActiveCfg = Debug|Any CPU
		{474279BB-6406-480D-807C-EC40EDBDCBFD}.Debug|Any CPU.Build.0 = Debug|Any CPU
		{474279BB-6406-480D-807C-EC40EDBDCBFD}.Release|Any CPU.ActiveCfg = Release|Any CPU
		{474279BB-6406-480D-807C-EC40EDBDCBFD}.Release|Any CPU.Build.0 = Release|Any CPU
	EndGlobalSection
	GlobalSection(SolutionProperties) = preSolution
		HideSolutionNode = FALSE
	EndGlobalSection
	GlobalSection(ExtensibilityGlobals) = postSolution
		SolutionGuid = {671F5ED8-50B7-404B-95A7-D4AD5285CFCB}
	EndGlobalSection
EndGlobal
